
Microsoft Visual Studio Solution File, Format Version 12.00
# Visual Studio 14
VisualStudioVersion = 14.0.25420.1
MinimumVisualStudioVersion = 10.0.40219.1
Project("{FAE04EC0-301F-11D3-BF4B-00C04F79EFBC}") = "Server", "Server\Server.csproj", "{DC47BD28-9151-45E2-BBE8-855CD29FB7DE}"
EndProject
Project("{FAE04EC0-301F-11D3-BF4B-00C04F79EFBC}") = "Domain", "Domain\Domain.csproj", "{83D97B33-EB78-4BC0-9AEF-72676A2F55AE}"
EndProject
Project("{FAE04EC0-301F-11D3-BF4B-00C04F79EFBC}") = "ConsoleClient", "Client\ConsoleClient.csproj", "{1266662A-4C58-492D-819B-8069971D968F}"
EndProject
Global
	GlobalSection(SolutionConfigurationPlatforms) = preSolution
		Debug|Any CPU = Debug|Any CPU
		Release|Any CPU = Release|Any CPU
	EndGlobalSection
	GlobalSection(ProjectConfigurationPlatforms) = postSolution
		{DC47BD28-9151-45E2-BBE8-855CD29FB7DE}.Debug|Any CPU.ActiveCfg = Debug|Any CPU
		{DC47BD28-9151-45E2-BBE8-855CD29FB7DE}.Debug|Any CPU.Build.0 = Debug|Any CPU
		{DC47BD28-9151-45E2-BBE8-855CD29FB7DE}.Release|Any CPU.ActiveCfg = Release|Any CPU
		{DC47BD28-9151-45E2-BBE8-855CD29FB7DE}.Release|Any CPU.Build.0 = Release|Any CPU
		{83D97B33-EB78-4BC0-9AEF-72676A2F55AE}.Debug|Any CPU.ActiveCfg = Debug|Any CPU
		{83D97B33-EB78-4BC0-9AEF-72676A2F55AE}.Debug|Any CPU.Build.0 = Debug|Any CPU
		{83D97B33-EB78-4BC0-9AEF-72676A2F55AE}.Release|Any CPU.ActiveCfg = Release|Any CPU
		{83D97B33-EB78-4BC0-9AEF-72676A2F55AE}.Release|Any CPU.Build.0 = Release|Any CPU
		{1266662A-4C58-492D-819B-8069971D968F}.Debug|Any CPU.ActiveCfg = Debug|Any CPU
		{1266662A-4C58-492D-819B-8069971D968F}.Debug|Any CPU.Build.0 = Debug|Any CPU
		{1266662A-4C58-492D-819B-8069971D968F}.Release|Any CPU.ActiveCfg = Release|Any CPU
		{1266662A-4C58-492D-819B-8069971D968F}.Release|Any CPU.Build.0 = Release|Any CPU
	EndGlobalSection
	GlobalSection(SolutionProperties) = preSolution
		HideSolutionNode = FALSE
	EndGlobalSection
EndGlobal
